
Microsoft Visual Studio Solution File, Format Version 12.00
# Visual Studio Version 16
VisualStudioVersion = 16.0.31702.278
MinimumVisualStudioVersion = 10.0.40219.1
Project("{9A19103F-16F7-4668-BE54-9A1E7A4F7556}") = "Time_Date_System", "Time_Date_System\Time_Date_System.csproj", "{D8058C60-8986-4A7E-A11A-57781CD80E1B}"
EndProject
Project("{FAE04EC0-301F-11D3-BF4B-00C04F79EFBC}") = "Dialogue_System", "Dialogue_System\Dialogue_System.csproj", "{2ABB9E12-A61D-456E-A5E0-E0EC5A151B12}"
EndProject
Global
	GlobalSection(SolutionConfigurationPlatforms) = preSolution
		Debug|Any CPU = Debug|Any CPU
		Release|Any CPU = Release|Any CPU
	EndGlobalSection
	GlobalSection(ProjectConfigurationPlatforms) = postSolution
		{D8058C60-8986-4A7E-A11A-57781CD80E1B}.Debug|Any CPU.ActiveCfg = Debug|Any CPU
		{D8058C60-8986-4A7E-A11A-57781CD80E1B}.Debug|Any CPU.Build.0 = Debug|Any CPU
		{D8058C60-8986-4A7E-A11A-57781CD80E1B}.Release|Any CPU.ActiveCfg = Release|Any CPU
		{D8058C60-8986-4A7E-A11A-57781CD80E1B}.Release|Any CPU.Build.0 = Release|Any CPU
		{2ABB9E12-A61D-456E-A5E0-E0EC5A151B12}.Debug|Any CPU.ActiveCfg = Debug|Any CPU
		{2ABB9E12-A61D-456E-A5E0-E0EC5A151B12}.Debug|Any CPU.Build.0 = Debug|Any CPU
		{2ABB9E12-A61D-456E-A5E0-E0EC5A151B12}.Release|Any CPU.ActiveCfg = Release|Any CPU
		{2ABB9E12-A61D-456E-A5E0-E0EC5A151B12}.Release|Any CPU.Build.0 = Release|Any CPU
	EndGlobalSection
	GlobalSection(SolutionProperties) = preSolution
		HideSolutionNode = FALSE
	EndGlobalSection
	GlobalSection(ExtensibilityGlobals) = postSolution
		SolutionGuid = {34CBEA47-452E-4F3C-86B1-92EB36CADA8F}
	EndGlobalSection
EndGlobal
